
Microsoft Visual Studio Solution File, Format Version 12.00
# Visual Studio Version 17
VisualStudioVersion = 17.7.34024.191
MinimumVisualStudioVersion = 10.0.40219.1
Project("{FAE04EC0-301F-11D3-BF4B-00C04F79EFBC}") = "MauiApp1", "MauiApp1.csproj", "{E94A75C0-EDDB-4340-AFD9-37C466E3CDBF}"
EndProject
Global
	GlobalSection(SolutionConfigurationPlatforms) = preSolution
		Debug|Any CPU = Debug|Any CPU
		Release|Any CPU = Release|Any CPU
	EndGlobalSection
	GlobalSection(ProjectConfigurationPlatforms) = postSolution
		{E94A75C0-EDDB-4340-AFD9-37C466E3CDBF}.Debug|Any CPU.ActiveCfg = Debug|Any CPU
		{E94A75C0-EDDB-4340-AFD9-37C466E3CDBF}.Debug|Any CPU.Build.0 = Debug|Any CPU
		{E94A75C0-EDDB-4340-AFD9-37C466E3CDBF}.Debug|Any CPU.Deploy.0 = Debug|Any CPU
		{E94A75C0-EDDB-4340-AFD9-37C466E3CDBF}.Release|Any CPU.ActiveCfg = Release|Any CPU
		{E94A75C0-EDDB-4340-AFD9-37C466E3CDBF}.Release|Any CPU.Build.0 = Release|Any CPU
		{E94A75C0-EDDB-4340-AFD9-37C466E3CDBF}.Release|Any CPU.Deploy.0 = Release|Any CPU
	EndGlobalSection
	GlobalSection(SolutionProperties) = preSolution
		HideSolutionNode = FALSE
	EndGlobalSection
	GlobalSection(ExtensibilityGlobals) = postSolution
		SolutionGuid = {F2A7ECC3-4240-4902-95FF-0F88781B3BBC}
	EndGlobalSection
EndGlobal
