
Microsoft Visual Studio Solution File, Format Version 12.00
# Visual Studio Version 17
VisualStudioVersion = 17.7.34024.191
MinimumVisualStudioVersion = 10.0.40219.1
Project("{FAE04EC0-301F-11D3-BF4B-00C04F79EFBC}") = "wpfTemplateDate", "wpfTemplateDate.csproj", "{20645555-1A2C-4D47-AB2C-67A0756541BC}"
EndProject
Global
	GlobalSection(SolutionConfigurationPlatforms) = preSolution
		Debug|Any CPU = Debug|Any CPU
		Release|Any CPU = Release|Any CPU
	EndGlobalSection
	GlobalSection(ProjectConfigurationPlatforms) = postSolution
		{20645555-1A2C-4D47-AB2C-67A0756541BC}.Debug|Any CPU.ActiveCfg = Debug|Any CPU
		{20645555-1A2C-4D47-AB2C-67A0756541BC}.Debug|Any CPU.Build.0 = Debug|Any CPU
		{20645555-1A2C-4D47-AB2C-67A0756541BC}.Release|Any CPU.ActiveCfg = Release|Any CPU
		{20645555-1A2C-4D47-AB2C-67A0756541BC}.Release|Any CPU.Build.0 = Release|Any CPU
	EndGlobalSection
	GlobalSection(SolutionProperties) = preSolution
		HideSolutionNode = FALSE
	EndGlobalSection
	GlobalSection(ExtensibilityGlobals) = postSolution
		SolutionGuid = {590DD70F-7478-463F-B56C-3D5EA44D38C2}
	EndGlobalSection
EndGlobal
