
Microsoft Visual Studio Solution File, Format Version 12.00
# Visual Studio Version 17
VisualStudioVersion = 17.7.34024.191
MinimumVisualStudioVersion = 10.0.40219.1
Project("{FAE04EC0-301F-11D3-BF4B-00C04F79EFBC}") = "cnsDrawFigures", "cnsDrawFigures.csproj", "{3116DDFF-3D8C-4168-9F75-8FB0A0EE0763}"
EndProject
Global
	GlobalSection(SolutionConfigurationPlatforms) = preSolution
		Debug|Any CPU = Debug|Any CPU
		Release|Any CPU = Release|Any CPU
	EndGlobalSection
	GlobalSection(ProjectConfigurationPlatforms) = postSolution
		{3116DDFF-3D8C-4168-9F75-8FB0A0EE0763}.Debug|Any CPU.ActiveCfg = Debug|Any CPU
		{3116DDFF-3D8C-4168-9F75-8FB0A0EE0763}.Debug|Any CPU.Build.0 = Debug|Any CPU
		{3116DDFF-3D8C-4168-9F75-8FB0A0EE0763}.Release|Any CPU.ActiveCfg = Release|Any CPU
		{3116DDFF-3D8C-4168-9F75-8FB0A0EE0763}.Release|Any CPU.Build.0 = Release|Any CPU
	EndGlobalSection
	GlobalSection(SolutionProperties) = preSolution
		HideSolutionNode = FALSE
	EndGlobalSection
	GlobalSection(ExtensibilityGlobals) = postSolution
		SolutionGuid = {075ADD2D-1DF4-4FEF-BC61-550F402487EA}
	EndGlobalSection
EndGlobal
