
Microsoft Visual Studio Solution File, Format Version 12.00
# Visual Studio Version 17
VisualStudioVersion = 17.7.34024.191
MinimumVisualStudioVersion = 10.0.40219.1
Project("{FAE04EC0-301F-11D3-BF4B-00C04F79EFBC}") = "cnsDrawCross", "cnsDrawCross.csproj", "{AE89FA28-0049-4EE7-B487-200F3E90FB7F}"
EndProject
Global
	GlobalSection(SolutionConfigurationPlatforms) = preSolution
		Debug|Any CPU = Debug|Any CPU
		Release|Any CPU = Release|Any CPU
	EndGlobalSection
	GlobalSection(ProjectConfigurationPlatforms) = postSolution
		{AE89FA28-0049-4EE7-B487-200F3E90FB7F}.Debug|Any CPU.ActiveCfg = Debug|Any CPU
		{AE89FA28-0049-4EE7-B487-200F3E90FB7F}.Debug|Any CPU.Build.0 = Debug|Any CPU
		{AE89FA28-0049-4EE7-B487-200F3E90FB7F}.Release|Any CPU.ActiveCfg = Release|Any CPU
		{AE89FA28-0049-4EE7-B487-200F3E90FB7F}.Release|Any CPU.Build.0 = Release|Any CPU
	EndGlobalSection
	GlobalSection(SolutionProperties) = preSolution
		HideSolutionNode = FALSE
	EndGlobalSection
	GlobalSection(ExtensibilityGlobals) = postSolution
		SolutionGuid = {1A661FCD-D7C1-41FD-88A3-97A7B7DA5C0B}
	EndGlobalSection
EndGlobal
