
Microsoft Visual Studio Solution File, Format Version 12.00
# Visual Studio Version 17
VisualStudioVersion = 17.7.34024.191
MinimumVisualStudioVersion = 10.0.40219.1
Project("{FAE04EC0-301F-11D3-BF4B-00C04F79EFBC}") = "cnsDictionary", "cnsDictionary.csproj", "{A32C30C4-DEB8-4A51-9789-FE2BDF932E4B}"
EndProject
Global
	GlobalSection(SolutionConfigurationPlatforms) = preSolution
		Debug|Any CPU = Debug|Any CPU
		Release|Any CPU = Release|Any CPU
	EndGlobalSection
	GlobalSection(ProjectConfigurationPlatforms) = postSolution
		{A32C30C4-DEB8-4A51-9789-FE2BDF932E4B}.Debug|Any CPU.ActiveCfg = Debug|Any CPU
		{A32C30C4-DEB8-4A51-9789-FE2BDF932E4B}.Debug|Any CPU.Build.0 = Debug|Any CPU
		{A32C30C4-DEB8-4A51-9789-FE2BDF932E4B}.Release|Any CPU.ActiveCfg = Release|Any CPU
		{A32C30C4-DEB8-4A51-9789-FE2BDF932E4B}.Release|Any CPU.Build.0 = Release|Any CPU
	EndGlobalSection
	GlobalSection(SolutionProperties) = preSolution
		HideSolutionNode = FALSE
	EndGlobalSection
	GlobalSection(ExtensibilityGlobals) = postSolution
		SolutionGuid = {767EF674-824F-459E-8630-924E661920D6}
	EndGlobalSection
EndGlobal
