
Microsoft Visual Studio Solution File, Format Version 12.00
# Visual Studio Version 17
VisualStudioVersion = 17.7.34024.191
MinimumVisualStudioVersion = 10.0.40219.1
Project("{FAE04EC0-301F-11D3-BF4B-00C04F79EFBC}") = "consolArray", "consolArray.csproj", "{C11E1A1B-E632-4CCE-A066-82FC391C3F1E}"
EndProject
Global
	GlobalSection(SolutionConfigurationPlatforms) = preSolution
		Debug|Any CPU = Debug|Any CPU
		Release|Any CPU = Release|Any CPU
	EndGlobalSection
	GlobalSection(ProjectConfigurationPlatforms) = postSolution
		{C11E1A1B-E632-4CCE-A066-82FC391C3F1E}.Debug|Any CPU.ActiveCfg = Debug|Any CPU
		{C11E1A1B-E632-4CCE-A066-82FC391C3F1E}.Debug|Any CPU.Build.0 = Debug|Any CPU
		{C11E1A1B-E632-4CCE-A066-82FC391C3F1E}.Release|Any CPU.ActiveCfg = Release|Any CPU
		{C11E1A1B-E632-4CCE-A066-82FC391C3F1E}.Release|Any CPU.Build.0 = Release|Any CPU
	EndGlobalSection
	GlobalSection(SolutionProperties) = preSolution
		HideSolutionNode = FALSE
	EndGlobalSection
	GlobalSection(ExtensibilityGlobals) = postSolution
		SolutionGuid = {A045498D-7B7D-431B-872E-ED9440AD8F22}
	EndGlobalSection
EndGlobal
